
Microsoft Visual Studio Solution File, Format Version 12.00
# Visual Studio Version 17
VisualStudioVersion = 17.8.34330.188
MinimumVisualStudioVersion = 10.0.40219.1
Project("{FAE04EC0-301F-11D3-BF4B-00C04F79EFBC}") = "parking_api", "parking_api\parking_api.csproj", "{3247D18D-88A0-4B58-BCDE-3015EE540640}"
EndProject
Global
	GlobalSection(SolutionConfigurationPlatforms) = preSolution
		Debug|Any CPU = Debug|Any CPU
		Release|Any CPU = Release|Any CPU
	EndGlobalSection
	GlobalSection(ProjectConfigurationPlatforms) = postSolution
		{3247D18D-88A0-4B58-BCDE-3015EE540640}.Debug|Any CPU.ActiveCfg = Debug|Any CPU
		{3247D18D-88A0-4B58-BCDE-3015EE540640}.Debug|Any CPU.Build.0 = Debug|Any CPU
		{3247D18D-88A0-4B58-BCDE-3015EE540640}.Release|Any CPU.ActiveCfg = Release|Any CPU
		{3247D18D-88A0-4B58-BCDE-3015EE540640}.Release|Any CPU.Build.0 = Release|Any CPU
	EndGlobalSection
	GlobalSection(SolutionProperties) = preSolution
		HideSolutionNode = FALSE
	EndGlobalSection
	GlobalSection(ExtensibilityGlobals) = postSolution
		SolutionGuid = {99857DBF-D92E-4B31-9C12-2D044A8DB4C8}
	EndGlobalSection
EndGlobal
